
Microsoft Visual Studio Solution File, Format Version 12.00
# Visual Studio Version 17
VisualStudioVersion = 17.7.34018.315
MinimumVisualStudioVersion = 10.0.40219.1
Project("{9A19103F-16F7-4668-BE54-9A1E7A4F7556}") = "NetPackageAnalyzerConsole", "NetPackageAnalyzerConsole\NetPackageAnalyzerConsole.csproj", "{135F0104-C414-4646-904C-ADFCE022A234}"
EndProject
Project("{9A19103F-16F7-4668-BE54-9A1E7A4F7556}") = "NetPackageAnalyzerDocusaurus", "NetPackageAnalyzerWork\NetPackageAnalyzerDocusaurus.csproj", "{1F304AA4-5E99-48CD-AEC8-6CA734A71E95}"
EndProject
Project("{9A19103F-16F7-4668-BE54-9A1E7A4F7556}") = "AnalyzeMerge", "AnalyzeMerge\AnalyzeMerge.csproj", "{6B1AF12B-AF28-4F8D-8213-B048932867A9}"
EndProject
Project("{9A19103F-16F7-4668-BE54-9A1E7A4F7556}") = "NetPackageAnalyzerTests", "NetPackageAnalyzerTests\NetPackageAnalyzerTests.csproj", "{AC767AF4-F9E8-48D5-AF2D-5D88E23A1299}"
EndProject
Project("{9A19103F-16F7-4668-BE54-9A1E7A4F7556}") = "NetPackageAnalyzerObjects", "NetPackageAnalyzerObjects\NetPackageAnalyzerObjects.csproj", "{579A9B8E-FD8D-4E0E-9BF8-C3AF5BE2B682}"
EndProject
Project("{9A19103F-16F7-4668-BE54-9A1E7A4F7556}") = "NetPackageAnalyzeHistory", "NetPackageAnalyzeHistory\NetPackageAnalyzeHistory.csproj", "{D9AF8F9F-AA4F-487E-B741-81B9C972062C}"
EndProject
Project("{9A19103F-16F7-4668-BE54-9A1E7A4F7556}") = "NetPackageAnalyzerShowInConsole", "NetPackageAnalyzerShowInConsole\NetPackageAnalyzerShowInConsole.csproj", "{A2CF4FE6-3DB0-49CF-85C0-CC35B7003136}"
EndProject
Project("{9A19103F-16F7-4668-BE54-9A1E7A4F7556}") = "NetPackageAnalyzerDiagram", "NetPackageAnalyzerDiagram\NetPackageAnalyzerDiagram.csproj", "{CEF0FBA9-F929-407A-8CF3-328AC5DBCD6A}"
EndProject
Project("{9A19103F-16F7-4668-BE54-9A1E7A4F7556}") = "NetPackageAnalyzerExportHTML", "NetPackageAnalyzerExportHTML\NetPackageAnalyzerExportHTML.csproj", "{CEFA2AD2-8FA4-4C92-B2C1-C1566D82DAA1}"
EndProject
Project("{9A19103F-16F7-4668-BE54-9A1E7A4F7556}") = "NetPackageAnalyzerMetricsMSFT", "NetPackageAnalyzerMetricsMSFT\NetPackageAnalyzerMetricsMSFT.csproj", "{DEC03402-DE01-4133-B027-120F2007601D}"
EndProject
Global
	GlobalSection(SolutionConfigurationPlatforms) = preSolution
		Debug|Any CPU = Debug|Any CPU
		Release|Any CPU = Release|Any CPU
	EndGlobalSection
	GlobalSection(ProjectConfigurationPlatforms) = postSolution
		{135F0104-C414-4646-904C-ADFCE022A234}.Debug|Any CPU.ActiveCfg = Debug|Any CPU
		{135F0104-C414-4646-904C-ADFCE022A234}.Debug|Any CPU.Build.0 = Debug|Any CPU
		{135F0104-C414-4646-904C-ADFCE022A234}.Release|Any CPU.ActiveCfg = Release|Any CPU
		{135F0104-C414-4646-904C-ADFCE022A234}.Release|Any CPU.Build.0 = Release|Any CPU
		{1F304AA4-5E99-48CD-AEC8-6CA734A71E95}.Debug|Any CPU.ActiveCfg = Debug|Any CPU
		{1F304AA4-5E99-48CD-AEC8-6CA734A71E95}.Debug|Any CPU.Build.0 = Debug|Any CPU
		{1F304AA4-5E99-48CD-AEC8-6CA734A71E95}.Release|Any CPU.ActiveCfg = Release|Any CPU
		{1F304AA4-5E99-48CD-AEC8-6CA734A71E95}.Release|Any CPU.Build.0 = Release|Any CPU
		{6B1AF12B-AF28-4F8D-8213-B048932867A9}.Debug|Any CPU.ActiveCfg = Debug|Any CPU
		{6B1AF12B-AF28-4F8D-8213-B048932867A9}.Debug|Any CPU.Build.0 = Debug|Any CPU
		{6B1AF12B-AF28-4F8D-8213-B048932867A9}.Release|Any CPU.ActiveCfg = Release|Any CPU
		{6B1AF12B-AF28-4F8D-8213-B048932867A9}.Release|Any CPU.Build.0 = Release|Any CPU
		{AC767AF4-F9E8-48D5-AF2D-5D88E23A1299}.Debug|Any CPU.ActiveCfg = Debug|Any CPU
		{AC767AF4-F9E8-48D5-AF2D-5D88E23A1299}.Debug|Any CPU.Build.0 = Debug|Any CPU
		{AC767AF4-F9E8-48D5-AF2D-5D88E23A1299}.Release|Any CPU.ActiveCfg = Release|Any CPU
		{AC767AF4-F9E8-48D5-AF2D-5D88E23A1299}.Release|Any CPU.Build.0 = Release|Any CPU
		{579A9B8E-FD8D-4E0E-9BF8-C3AF5BE2B682}.Debug|Any CPU.ActiveCfg = Debug|Any CPU
		{579A9B8E-FD8D-4E0E-9BF8-C3AF5BE2B682}.Debug|Any CPU.Build.0 = Debug|Any CPU
		{579A9B8E-FD8D-4E0E-9BF8-C3AF5BE2B682}.Release|Any CPU.ActiveCfg = Release|Any CPU
		{579A9B8E-FD8D-4E0E-9BF8-C3AF5BE2B682}.Release|Any CPU.Build.0 = Release|Any CPU
		{D9AF8F9F-AA4F-487E-B741-81B9C972062C}.Debug|Any CPU.ActiveCfg = Debug|Any CPU
		{D9AF8F9F-AA4F-487E-B741-81B9C972062C}.Debug|Any CPU.Build.0 = Debug|Any CPU
		{D9AF8F9F-AA4F-487E-B741-81B9C972062C}.Release|Any CPU.ActiveCfg = Release|Any CPU
		{D9AF8F9F-AA4F-487E-B741-81B9C972062C}.Release|Any CPU.Build.0 = Release|Any CPU
		{A2CF4FE6-3DB0-49CF-85C0-CC35B7003136}.Debug|Any CPU.ActiveCfg = Debug|Any CPU
		{A2CF4FE6-3DB0-49CF-85C0-CC35B7003136}.Debug|Any CPU.Build.0 = Debug|Any CPU
		{A2CF4FE6-3DB0-49CF-85C0-CC35B7003136}.Release|Any CPU.ActiveCfg = Release|Any CPU
		{A2CF4FE6-3DB0-49CF-85C0-CC35B7003136}.Release|Any CPU.Build.0 = Release|Any CPU
		{CEF0FBA9-F929-407A-8CF3-328AC5DBCD6A}.Debug|Any CPU.ActiveCfg = Debug|Any CPU
		{CEF0FBA9-F929-407A-8CF3-328AC5DBCD6A}.Debug|Any CPU.Build.0 = Debug|Any CPU
		{CEF0FBA9-F929-407A-8CF3-328AC5DBCD6A}.Release|Any CPU.ActiveCfg = Release|Any CPU
		{CEF0FBA9-F929-407A-8CF3-328AC5DBCD6A}.Release|Any CPU.Build.0 = Release|Any CPU
		{CEFA2AD2-8FA4-4C92-B2C1-C1566D82DAA1}.Debug|Any CPU.ActiveCfg = Debug|Any CPU
		{CEFA2AD2-8FA4-4C92-B2C1-C1566D82DAA1}.Debug|Any CPU.Build.0 = Debug|Any CPU
		{CEFA2AD2-8FA4-4C92-B2C1-C1566D82DAA1}.Release|Any CPU.ActiveCfg = Release|Any CPU
		{CEFA2AD2-8FA4-4C92-B2C1-C1566D82DAA1}.Release|Any CPU.Build.0 = Release|Any CPU
		{DEC03402-DE01-4133-B027-120F2007601D}.Debug|Any CPU.ActiveCfg = Debug|Any CPU
		{DEC03402-DE01-4133-B027-120F2007601D}.Debug|Any CPU.Build.0 = Debug|Any CPU
		{DEC03402-DE01-4133-B027-120F2007601D}.Release|Any CPU.ActiveCfg = Release|Any CPU
		{DEC03402-DE01-4133-B027-120F2007601D}.Release|Any CPU.Build.0 = Release|Any CPU
	EndGlobalSection
	GlobalSection(SolutionProperties) = preSolution
		HideSolutionNode = FALSE
	EndGlobalSection
	GlobalSection(ExtensibilityGlobals) = postSolution
		SolutionGuid = {76E53742-3C96-4AB5-B48B-6A864B9D9BF6}
	EndGlobalSection
EndGlobal
